
Microsoft Visual Studio Solution File, Format Version 11.00
# Visual Studio 2010
Project("{FAE04EC0-301F-11D3-BF4B-00C04F79EFBC}") = "head-test-master2", "Assembly-CSharp.csproj", "{CC707C9C-0025-BC10-E4AA-C0F065984D16}"
EndProject
Project("{FAE04EC0-301F-11D3-BF4B-00C04F79EFBC}") = "head-test-master2", "Assembly-CSharp-Editor.csproj", "{45CDBB60-13DA-A2CC-8971-0DBCA1985D61}"
EndProject
Global
	GlobalSection(SolutionConfigurationPlatforms) = preSolution
		Debug|Any CPU = Debug|Any CPU
		Release|Any CPU = Release|Any CPU
	EndGlobalSection
	GlobalSection(ProjectConfigurationPlatforms) = postSolution
		{CC707C9C-0025-BC10-E4AA-C0F065984D16}.Debug|Any CPU.ActiveCfg = Debug|Any CPU
		{CC707C9C-0025-BC10-E4AA-C0F065984D16}.Debug|Any CPU.Build.0 = Debug|Any CPU
		{CC707C9C-0025-BC10-E4AA-C0F065984D16}.Release|Any CPU.ActiveCfg = Release|Any CPU
		{CC707C9C-0025-BC10-E4AA-C0F065984D16}.Release|Any CPU.Build.0 = Release|Any CPU
		{45CDBB60-13DA-A2CC-8971-0DBCA1985D61}.Debug|Any CPU.ActiveCfg = Debug|Any CPU
		{45CDBB60-13DA-A2CC-8971-0DBCA1985D61}.Debug|Any CPU.Build.0 = Debug|Any CPU
		{45CDBB60-13DA-A2CC-8971-0DBCA1985D61}.Release|Any CPU.ActiveCfg = Release|Any CPU
		{45CDBB60-13DA-A2CC-8971-0DBCA1985D61}.Release|Any CPU.Build.0 = Release|Any CPU
	EndGlobalSection
	GlobalSection(SolutionProperties) = preSolution
		HideSolutionNode = FALSE
	EndGlobalSection
	GlobalSection(MonoDevelopProperties) = preSolution
		StartupItem = Assembly-CSharp.csproj
	EndGlobalSection
EndGlobal
